
Microsoft Visual Studio Solution File, Format Version 12.00
# Visual Studio Version 17
VisualStudioVersion = 17.7.34302.85
MinimumVisualStudioVersion = 10.0.40219.1
Project("{54A90642-561A-4BB1-A94E-469ADEE60C69}") = "DEMO", "DEMO\DEMO.esproj", "{77327D23-5D08-4DB9-8393-34B47DAA2254}"
EndProject
Global
	GlobalSection(SolutionConfigurationPlatforms) = preSolution
		Debug|Any CPU = Debug|Any CPU
		Release|Any CPU = Release|Any CPU
	EndGlobalSection
	GlobalSection(ProjectConfigurationPlatforms) = postSolution
		{77327D23-5D08-4DB9-8393-34B47DAA2254}.Debug|Any CPU.ActiveCfg = Debug|Any CPU
		{77327D23-5D08-4DB9-8393-34B47DAA2254}.Debug|Any CPU.Build.0 = Debug|Any CPU
		{77327D23-5D08-4DB9-8393-34B47DAA2254}.Debug|Any CPU.Deploy.0 = Debug|Any CPU
		{77327D23-5D08-4DB9-8393-34B47DAA2254}.Release|Any CPU.ActiveCfg = Release|Any CPU
		{77327D23-5D08-4DB9-8393-34B47DAA2254}.Release|Any CPU.Build.0 = Release|Any CPU
		{77327D23-5D08-4DB9-8393-34B47DAA2254}.Release|Any CPU.Deploy.0 = Release|Any CPU
	EndGlobalSection
	GlobalSection(SolutionProperties) = preSolution
		HideSolutionNode = FALSE
	EndGlobalSection
	GlobalSection(ExtensibilityGlobals) = postSolution
		SolutionGuid = {B20FA59B-D813-42A6-B3ED-02EAEB0F5870}
	EndGlobalSection
EndGlobal
